{
  "originHash" : "a542dced371a6338eb3090109dc42597d953576ef2b201882fdec247a415b5c8",
  "pins" : [
    {
      "identity" : "alamofire",
      "kind" : "remoteSourceControl",
      "location" : "https://github.com/Alamofire/Alamofire.git",
      "state" : {
        "revision" : "e938f8c66708e7352fc7e3512647fa54255b267a",
        "version" : "5.11.2"
      }
    }
  ],
  "version" : 3
}
